
Microsoft Visual Studio Solution File, Format Version 12.00
# Visual Studio Version 17
VisualStudioVersion = 17.11.35208.52
MinimumVisualStudioVersion = 10.0.40219.1
Project("{FAE04EC0-301F-11D3-BF4B-00C04F79EFBC}") = "ZV.Result", "ZV.Result.csproj", "{77CF64CB-BCA4-42E7-9BFF-11F04765F847}"
EndProject
Global
	GlobalSection(SolutionConfigurationPlatforms) = preSolution
		Debug|Any CPU = Debug|Any CPU
		Release|Any CPU = Release|Any CPU
	EndGlobalSection
	GlobalSection(ProjectConfigurationPlatforms) = postSolution
		{77CF64CB-BCA4-42E7-9BFF-11F04765F847}.Debug|Any CPU.ActiveCfg = Debug|Any CPU
		{77CF64CB-BCA4-42E7-9BFF-11F04765F847}.Debug|Any CPU.Build.0 = Debug|Any CPU
		{77CF64CB-BCA4-42E7-9BFF-11F04765F847}.Release|Any CPU.ActiveCfg = Release|Any CPU
		{77CF64CB-BCA4-42E7-9BFF-11F04765F847}.Release|Any CPU.Build.0 = Release|Any CPU
	EndGlobalSection
	GlobalSection(SolutionProperties) = preSolution
		HideSolutionNode = FALSE
	EndGlobalSection
	GlobalSection(ExtensibilityGlobals) = postSolution
		SolutionGuid = {66556F04-5628-47FC-BCCC-34580DD51E3E}
	EndGlobalSection
EndGlobal
